
Microsoft Visual Studio Solution File, Format Version 12.00
# Visual Studio Version 17
VisualStudioVersion = 17.2.32519.379
MinimumVisualStudioVersion = 10.0.40219.1
Project("{FAE04EC0-301F-11D3-BF4B-00C04F79EFBC}") = "pipeline", "pipeline\pipeline.csproj", "{104C4270-7110-41ED-888F-55332FC95DEA}"
EndProject
Global
	GlobalSection(SolutionConfigurationPlatforms) = preSolution
		Debug|Any CPU = Debug|Any CPU
		Release|Any CPU = Release|Any CPU
	EndGlobalSection
	GlobalSection(ProjectConfigurationPlatforms) = postSolution
		{104C4270-7110-41ED-888F-55332FC95DEA}.Debug|Any CPU.ActiveCfg = Debug|Any CPU
		{104C4270-7110-41ED-888F-55332FC95DEA}.Debug|Any CPU.Build.0 = Debug|Any CPU
		{104C4270-7110-41ED-888F-55332FC95DEA}.Release|Any CPU.ActiveCfg = Release|Any CPU
		{104C4270-7110-41ED-888F-55332FC95DEA}.Release|Any CPU.Build.0 = Release|Any CPU
	EndGlobalSection
	GlobalSection(SolutionProperties) = preSolution
		HideSolutionNode = FALSE
	EndGlobalSection
	GlobalSection(ExtensibilityGlobals) = postSolution
		SolutionGuid = {005D6EB7-22FB-4524-A3DC-46642A34C3C8}
	EndGlobalSection
EndGlobal
